
Microsoft Visual Studio Solution File, Format Version 12.00
# Visual Studio Version 17
VisualStudioVersion = 17.14.37203.1
MinimumVisualStudioVersion = 10.0.40219.1
Project("{FAE04EC0-301F-11D3-BF4B-00C04F79EFBC}") = "NetScan", "NetScan\NetScan.csproj", "{598729BE-380A-4E04-A117-AF9E6349DA50}"
EndProject
Global
	GlobalSection(SolutionConfigurationPlatforms) = preSolution
		Debug|Any CPU = Debug|Any CPU
		Debug|x64 = Debug|x64
		Release|Any CPU = Release|Any CPU
		Release|x64 = Release|x64
	EndGlobalSection
	GlobalSection(ProjectConfigurationPlatforms) = postSolution
		{598729BE-380A-4E04-A117-AF9E6349DA50}.Debug|Any CPU.ActiveCfg = Debug|Any CPU
		{598729BE-380A-4E04-A117-AF9E6349DA50}.Debug|Any CPU.Build.0 = Debug|Any CPU
		{598729BE-380A-4E04-A117-AF9E6349DA50}.Debug|x64.ActiveCfg = Debug|x64
		{598729BE-380A-4E04-A117-AF9E6349DA50}.Debug|x64.Build.0 = Debug|x64
		{598729BE-380A-4E04-A117-AF9E6349DA50}.Release|Any CPU.ActiveCfg = Release|Any CPU
		{598729BE-380A-4E04-A117-AF9E6349DA50}.Release|Any CPU.Build.0 = Release|Any CPU
		{598729BE-380A-4E04-A117-AF9E6349DA50}.Release|x64.ActiveCfg = Release|x64
		{598729BE-380A-4E04-A117-AF9E6349DA50}.Release|x64.Build.0 = Release|x64
	EndGlobalSection
	GlobalSection(SolutionProperties) = preSolution
		HideSolutionNode = FALSE
	EndGlobalSection
	GlobalSection(ExtensibilityGlobals) = postSolution
		SolutionGuid = {BA2751DB-AC96-4F3E-8CFC-C60738FA6387}
	EndGlobalSection
EndGlobal
